
Microsoft Visual Studio Solution File, Format Version 12.00
# Visual Studio Version 17
VisualStudioVersion = 17.13.35617.110 d17.13
MinimumVisualStudioVersion = 10.0.40219.1
Project("{FAE04EC0-301F-11D3-BF4B-00C04F79EFBC}") = "encrypt", "encrypt.csproj", "{56747A79-5003-4DB6-7C1C-726BC9B97CBD}"
EndProject
Global
	GlobalSection(SolutionConfigurationPlatforms) = preSolution
		Debug|Any CPU = Debug|Any CPU
		Release|Any CPU = Release|Any CPU
	EndGlobalSection
	GlobalSection(ProjectConfigurationPlatforms) = postSolution
		{56747A79-5003-4DB6-7C1C-726BC9B97CBD}.Debug|Any CPU.ActiveCfg = Debug|Any CPU
		{56747A79-5003-4DB6-7C1C-726BC9B97CBD}.Debug|Any CPU.Build.0 = Debug|Any CPU
		{56747A79-5003-4DB6-7C1C-726BC9B97CBD}.Release|Any CPU.ActiveCfg = Release|Any CPU
		{56747A79-5003-4DB6-7C1C-726BC9B97CBD}.Release|Any CPU.Build.0 = Release|Any CPU
	EndGlobalSection
	GlobalSection(SolutionProperties) = preSolution
		HideSolutionNode = FALSE
	EndGlobalSection
	GlobalSection(ExtensibilityGlobals) = postSolution
		SolutionGuid = {CF266685-A9B1-4DEB-894C-85677EEF855D}
	EndGlobalSection
EndGlobal
